
Microsoft Visual Studio Solution File, Format Version 12.00
# Visual Studio Version 16
VisualStudioVersion = 16.0.30225.117
MinimumVisualStudioVersion = 10.0.40219.1
Project("{FAE04EC0-301F-11D3-BF4B-00C04F79EFBC}") = "meanmediancalc2", "meanmediancalc2\meanmediancalc2.csproj", "{2036E099-ACD5-4013-992D-5219F044C95E}"
EndProject
Global
	GlobalSection(SolutionConfigurationPlatforms) = preSolution
		Debug|Any CPU = Debug|Any CPU
		Release|Any CPU = Release|Any CPU
	EndGlobalSection
	GlobalSection(ProjectConfigurationPlatforms) = postSolution
		{2036E099-ACD5-4013-992D-5219F044C95E}.Debug|Any CPU.ActiveCfg = Debug|Any CPU
		{2036E099-ACD5-4013-992D-5219F044C95E}.Debug|Any CPU.Build.0 = Debug|Any CPU
		{2036E099-ACD5-4013-992D-5219F044C95E}.Release|Any CPU.ActiveCfg = Release|Any CPU
		{2036E099-ACD5-4013-992D-5219F044C95E}.Release|Any CPU.Build.0 = Release|Any CPU
	EndGlobalSection
	GlobalSection(SolutionProperties) = preSolution
		HideSolutionNode = FALSE
	EndGlobalSection
	GlobalSection(ExtensibilityGlobals) = postSolution
		SolutionGuid = {F147C243-38CA-4293-AFE3-0F2CBBC1F7D7}
	EndGlobalSection
EndGlobal
